// !$*UTF8*$!
{
	archiveVersion = 1;
	classes = {
	};
	objectVersion = 56;
	objects = {

/* Begin PBXBuildFile section */
		B365D9DB2AE21D3400775656 /* BattleBotsSpeedwayApp.swift in Sources */ = {isa = PBXBuildFile; fileRef = B365D9DA2AE21D3400775656 /* BattleBotsSpeedwayApp.swift */; };
		B365D9DD2AE21D3400775656 /* ContentView.swift in Sources */ = {isa = PBXBuildFile; fileRef = B365D9DC2AE21D3400775656 /* ContentView.swift */; };
		B365D9DF2AE21D3500775656 /* Assets.xcassets in Resources */ = {isa = PBXBuildFile; fileRef = B365D9DE2AE21D3500775656 /* Assets.xcassets */; };
		B365D9E22AE21D3500775656 /* Preview Assets.xcassets in Resources */ = {isa = PBXBuildFile; fileRef = B365D9E12AE21D3500775656 /* Preview Assets.xcassets */; };
		B365D9EC2AE21D3500775656 /* BattleBotsSpeedwayTests.swift in Sources */ = {isa = PBXBuildFile; fileRef = B365D9EB2AE21D3500775656 /* BattleBotsSpeedwayTests.swift */; };
		B365D9F62AE21D3500775656 /* BattleBotsSpeedwayUITests.swift in Sources */ = {isa = PBXBuildFile; fileRef = B365D9F52AE21D3500775656 /* BattleBotsSpeedwayUITests.swift */; };
		B365D9F82AE21D3500775656 /* BattleBotsSpeedwayUITestsLaunchTests.swift in Sources */ = {isa = PBXBuildFile; fileRef = B365D9F72AE21D3500775656 /* BattleBotsSpeedwayUITestsLaunchTests.swift */; };
		B3B41C502AE5140200D7F7C1 /* bluetoothConnection.swift in Sources */ = {isa = PBXBuildFile; fileRef = B3B41C4F2AE5140200D7F7C1 /* bluetoothConnection.swift */; };
		B3B41C522AE5141100D7F7C1 /* button.swift in Sources */ = {isa = PBXBuildFile; fileRef = B3B41C512AE5141100D7F7C1 /* button.swift */; };
		B3B41C542AE5141F00D7F7C1 /* insultComebackSystem.swift in Sources */ = {isa = PBXBuildFile; fileRef = B3B41C532AE5141F00D7F7C1 /* insultComebackSystem.swift */; };
		B3B41C562AE5145600D7F7C1 /* Launch Screen.storyboard in Resources */ = {isa = PBXBuildFile; fileRef = B3B41C552AE5145600D7F7C1 /* Launch Screen.storyboard */; };
/* End PBXBuildFile section */

/* Begin PBXContainerItemProxy section */
		B365D9E82AE21D3500775656 /* PBXContainerItemProxy */ = {
			isa = PBXContainerItemProxy;
			containerPortal = B365D9CF2AE21D3400775656 /* Project object */;
			proxyType = 1;
			remoteGlobalIDString = B365D9D62AE21D3400775656;
			remoteInfo = BattleBotsSpeedway;
		};
		B365D9F22AE21D3500775656 /* PBXContainerItemProxy */ = {
			isa = PBXContainerItemProxy;
			containerPortal = B365D9CF2AE21D3400775656 /* Project object */;
			proxyType = 1;
			remoteGlobalIDString = B365D9D62AE21D3400775656;
			remoteInfo = BattleBotsSpeedway;
		};
/* End PBXContainerItemProxy section */

/* Begin PBXFileReference section */
		B365D9D72AE21D3400775656 /* BattleBotsSpeedway.app */ = {isa = PBXFileReference; explicitFileType = wrapper.application; includeInIndex = 0; path = BattleBotsSpeedway.app; sourceTree = BUILT_PRODUCTS_DIR; };
		B365D9DA2AE21D3400775656 /* BattleBotsSpeedwayApp.swift */ = {isa = PBXFileReference; lastKnownFileType = sourcecode.swift; path = BattleBotsSpeedwayApp.swift; sourceTree = "<group>"; };
		B365D9DC2AE21D3400775656 /* ContentView.swift */ = {isa = PBXFileReference; lastKnownFileType = sourcecode.swift; path = ContentView.swift; sourceTree = "<group>"; };
		B365D9DE2AE21D3500775656 /* Assets.xcassets */ = {isa = PBXFileReference; lastKnownFileType = folder.assetcatalog; path = Assets.xcassets; sourceTree = "<group>"; };
		B365D9E12AE21D3500775656 /* Preview Assets.xcassets */ = {isa = PBXFileReference; lastKnownFileType = folder.assetcatalog; path = "Preview Assets.xcassets"; sourceTree = "<group>"; };
		B365D9E72AE21D3500775656 /* BattleBotsSpeedwayTests.xctest */ = {isa = PBXFileReference; explicitFileType = wrapper.cfbundle; includeInIndex = 0; path = BattleBotsSpeedwayTests.xctest; sourceTree = BUILT_PRODUCTS_DIR; };
		B365D9EB2AE21D3500775656 /* BattleBotsSpeedwayTests.swift */ = {isa = PBXFileReference; lastKnownFileType = sourcecode.swift; path = BattleBotsSpeedwayTests.swift; sourceTree = "<group>"; };
		B365D9F12AE21D3500775656 /* BattleBotsSpeedwayUITests.xctest */ = {isa = PBXFileReference; explicitFileType = wrapper.cfbundle; includeInIndex = 0; path = BattleBotsSpeedwayUITests.xctest; sourceTree = BUILT_PRODUCTS_DIR; };
		B365D9F52AE21D3500775656 /* BattleBotsSpeedwayUITests.swift */ = {isa = PBXFileReference; lastKnownFileType = sourcecode.swift; path = BattleBotsSpeedwayUITests.swift; sourceTree = "<group>"; };
		B365D9F72AE21D3500775656 /* BattleBotsSpeedwayUITestsLaunchTests.swift */ = {isa = PBXFileReference; lastKnownFileType = sourcecode.swift; path = BattleBotsSpeedwayUITestsLaunchTests.swift; sourceTree = "<group>"; };
		B3B41C4F2AE5140200D7F7C1 /* bluetoothConnection.swift */ = {isa = PBXFileReference; lastKnownFileType = sourcecode.swift; path = bluetoothConnection.swift; sourceTree = "<group>"; };
		B3B41C512AE5141100D7F7C1 /* button.swift */ = {isa = PBXFileReference; lastKnownFileType = sourcecode.swift; path = button.swift; sourceTree = "<group>"; };
		B3B41C532AE5141F00D7F7C1 /* insultComebackSystem.swift */ = {isa = PBXFileReference; lastKnownFileType = sourcecode.swift; path = insultComebackSystem.swift; sourceTree = "<group>"; };
		B3B41C552AE5145600D7F7C1 /* Launch Screen.storyboard */ = {isa = PBXFileReference; lastKnownFileType = file.storyboard; path = "Launch Screen.storyboard"; sourceTree = "<group>"; };
/* End PBXFileReference section */

/* Begin PBXFrameworksBuildPhase section */
		B365D9D42AE21D3400775656 /* Frameworks */ = {
			isa = PBXFrameworksBuildPhase;
			buildActionMask = 2147483647;
			files = (
			);
			runOnlyForDeploymentPostprocessing = 0;
		};
		B365D9E42AE21D3500775656 /* Frameworks */ = {
			isa = PBXFrameworksBuildPhase;
			buildActionMask = 2147483647;
			files = (
			);
			runOnlyForDeploymentPostprocessing = 0;
		};
		B365D9EE2AE21D3500775656 /* Frameworks */ = {
			isa = PBXFrameworksBuildPhase;
			buildActionMask = 2147483647;
			files = (
			);
			runOnlyForDeploymentPostprocessing = 0;
		};
/* End PBXFrameworksBuildPhase section */

/* Begin PBXGroup section */
		B365D9CE2AE21D3400775656 = {
			isa = PBXGroup;
			children = (
				B365D9D92AE21D3400775656 /* BattleBotsSpeedway */,
				B365D9EA2AE21D3500775656 /* BattleBotsSpeedwayTests */,
				B365D9F42AE21D3500775656 /* BattleBotsSpeedwayUITests */,
				B365D9D82AE21D3400775656 /* Products */,
			);
			sourceTree = "<group>";
		};
		B365D9D82AE21D3400775656 /* Products */ = {
			isa = PBXGroup;
			children = (
				B365D9D72AE21D3400775656 /* BattleBotsSpeedway.app */,
				B365D9E72AE21D3500775656 /* BattleBotsSpeedwayTests.xctest */,
				B365D9F12AE21D3500775656 /* BattleBotsSpeedwayUITests.xctest */,
			);
			name = Products;
			sourceTree = "<group>";
		};
		B365D9D92AE21D3400775656 /* BattleBotsSpeedway */ = {
			isa = PBXGroup;
			children = (
				B3B41C582AE5178A00D7F7C1 /* Model */,
				B3B41C592AE5179500D7F7C1 /* View */,
				B3B41C572AE5177900D7F7C1 /* Controller */,
				B365D9DE2AE21D3500775656 /* Assets.xcassets */,
				B365D9E02AE21D3500775656 /* Preview Content */,
			);
			path = BattleBotsSpeedway;
			sourceTree = "<group>";
		};
		B365D9E02AE21D3500775656 /* Preview Content */ = {
			isa = PBXGroup;
			children = (
				B365D9E12AE21D3500775656 /* Preview Assets.xcassets */,
			);
			path = "Preview Content";
			sourceTree = "<group>";
		};
		B365D9EA2AE21D3500775656 /* BattleBotsSpeedwayTests */ = {
			isa = PBXGroup;
			children = (
				B365D9EB2AE21D3500775656 /* BattleBotsSpeedwayTests.swift */,
			);
			path = BattleBotsSpeedwayTests;
			sourceTree = "<group>";
		};
		B365D9F42AE21D3500775656 /* BattleBotsSpeedwayUITests */ = {
			isa = PBXGroup;
			children = (
				B365D9F52AE21D3500775656 /* BattleBotsSpeedwayUITests.swift */,
				B365D9F72AE21D3500775656 /* BattleBotsSpeedwayUITestsLaunchTests.swift */,
			);
			path = BattleBotsSpeedwayUITests;
			sourceTree = "<group>";
		};
		B3B41C572AE5177900D7F7C1 /* Controller */ = {
			isa = PBXGroup;
			children = (
				B365D9DA2AE21D3400775656 /* BattleBotsSpeedwayApp.swift */,
				B365D9DC2AE21D3400775656 /* ContentView.swift */,
			);
			path = Controller;
			sourceTree = "<group>";
		};
		B3B41C582AE5178A00D7F7C1 /* Model */ = {
			isa = PBXGroup;
			children = (
				B3B41C4F2AE5140200D7F7C1 /* bluetoothConnection.swift */,
				B3B41C512AE5141100D7F7C1 /* button.swift */,
				B3B41C532AE5141F00D7F7C1 /* insultComebackSystem.swift */,
			);
			path = Model;
			sourceTree = "<group>";
		};
		B3B41C592AE5179500D7F7C1 /* View */ = {
			isa = PBXGroup;
			children = (
				B3B41C552AE5145600D7F7C1 /* Launch Screen.storyboard */,
			);
			path = View;
			sourceTree = "<group>";
		};
/* End PBXGroup section */

/* Begin PBXNativeTarget section */
		B365D9D62AE21D3400775656 /* BattleBotsSpeedway */ = {
			isa = PBXNativeTarget;
			buildConfigurationList = B365D9FB2AE21D3500775656 /* Build configuration list for PBXNativeTarget "BattleBotsSpeedway" */;
			buildPhases = (
				B365D9D32AE21D3400775656 /* Sources */,
				B365D9D42AE21D3400775656 /* Frameworks */,
				B365D9D52AE21D3400775656 /* Resources */,
			);
			buildRules = (
			);
			dependencies = (
			);
			name = BattleBotsSpeedway;
			productName = BattleBotsSpeedway;
			productReference = B365D9D72AE21D3400775656 /* BattleBotsSpeedway.app */;
			productType = "com.apple.product-type.application";
		};
		B365D9E62AE21D3500775656 /* BattleBotsSpeedwayTests */ = {
			isa = PBXNativeTarget;
			buildConfigurationList = B365D9FE2AE21D3500775656 /* Build configuration list for PBXNativeTarget "BattleBotsSpeedwayTests" */;
			buildPhases = (
				B365D9E32AE21D3500775656 /* Sources */,
				B365D9E42AE21D3500775656 /* Frameworks */,
				B365D9E52AE21D3500775656 /* Resources */,
			);
			buildRules = (
			);
			dependencies = (
				B365D9E92AE21D3500775656 /* PBXTargetDependency */,
			);
			name = BattleBotsSpeedwayTests;
			productName = BattleBotsSpeedwayTests;
			productReference = B365D9E72AE21D3500775656 /* BattleBotsSpeedwayTests.xctest */;
			productType = "com.apple.product-type.bundle.unit-test";
		};
		B365D9F02AE21D3500775656 /* BattleBotsSpeedwayUITests */ = {
			isa = PBXNativeTarget;
			buildConfigurationList = B365DA012AE21D3500775656 /* Build configuration list for PBXNativeTarget "BattleBotsSpeedwayUITests" */;
			buildPhases = (
				B365D9ED2AE21D3500775656 /* Sources */,
				B365D9EE2AE21D3500775656 /* Frameworks */,
				B365D9EF2AE21D3500775656 /* Resources */,
			);
			buildRules = (
			);
			dependencies = (
				B365D9F32AE21D3500775656 /* PBXTargetDependency */,
			);
			name = BattleBotsSpeedwayUITests;
			productName = BattleBotsSpeedwayUITests;
			productReference = B365D9F12AE21D3500775656 /* BattleBotsSpeedwayUITests.xctest */;
			productType = "com.apple.product-type.bundle.ui-testing";
		};
/* End PBXNativeTarget section */

/* Begin PBXProject section */
		B365D9CF2AE21D3400775656 /* Project object */ = {
			isa = PBXProject;
			attributes = {
				BuildIndependentTargetsInParallel = 1;
				LastSwiftUpdateCheck = 1500;
				LastUpgradeCheck = 1500;
				TargetAttributes = {
					B365D9D62AE21D3400775656 = {
						CreatedOnToolsVersion = 15.0;
					};
					B365D9E62AE21D3500775656 = {
						CreatedOnToolsVersion = 15.0;
						TestTargetID = B365D9D62AE21D3400775656;
					};
					B365D9F02AE21D3500775656 = {
						CreatedOnToolsVersion = 15.0;
						TestTargetID = B365D9D62AE21D3400775656;
					};
				};
			};
			buildConfigurationList = B365D9D22AE21D3400775656 /* Build configuration list for PBXProject "BattleBotsSpeedway" */;
			compatibilityVersion = "Xcode 14.0";
			developmentRegion = en;
			hasScannedForEncodings = 0;
			knownRegions = (
				en,
				Base,
			);
			mainGroup = B365D9CE2AE21D3400775656;
			productRefGroup = B365D9D82AE21D3400775656 /* Products */;
			projectDirPath = "";
			projectRoot = "";
			targets = (
				B365D9D62AE21D3400775656 /* BattleBotsSpeedway */,
				B365D9E62AE21D3500775656 /* BattleBotsSpeedwayTests */,
				B365D9F02AE21D3500775656 /* BattleBotsSpeedwayUITests */,
			);
		};
/* End PBXProject section */

/* Begin PBXResourcesBuildPhase section */
		B365D9D52AE21D3400775656 /* Resources */ = {
			isa = PBXResourcesBuildPhase;
			buildActionMask = 2147483647;
			files = (
				B3B41C562AE5145600D7F7C1 /* Launch Screen.storyboard in Resources */,
				B365D9E22AE21D3500775656 /* Preview Assets.xcassets in Resources */,
				B365D9DF2AE21D3500775656 /* Assets.xcassets in Resources */,
			);
			runOnlyForDeploymentPostprocessing = 0;
		};
		B365D9E52AE21D3500775656 /* Resources */ = {
			isa = PBXResourcesBuildPhase;
			buildActionMask = 2147483647;
			files = (
			);
			runOnlyForDeploymentPostprocessing = 0;
		};
		B365D9EF2AE21D3500775656 /* Resources */ = {
			isa = PBXResourcesBuildPhase;
			buildActionMask = 2147483647;
			files = (
			);
			runOnlyForDeploymentPostprocessing = 0;
		};
/* End PBXResourcesBuildPhase section */

/* Begin PBXSourcesBuildPhase section */
		B365D9D32AE21D3400775656 /* Sources */ = {
			isa = PBXSourcesBuildPhase;
			buildActionMask = 2147483647;
			files = (
				B3B41C502AE5140200D7F7C1 /* bluetoothConnection.swift in Sources */,
				B365D9DD2AE21D3400775656 /* ContentView.swift in Sources */,
				B365D9DB2AE21D3400775656 /* BattleBotsSpeedwayApp.swift in Sources */,
				B3B41C522AE5141100D7F7C1 /* button.swift in Sources */,
				B3B41C542AE5141F00D7F7C1 /* insultComebackSystem.swift in Sources */,
			);
			runOnlyForDeploymentPostprocessing = 0;
		};
		B365D9E32AE21D3500775656 /* Sources */ = {
			isa = PBXSourcesBuildPhase;
			buildActionMask = 2147483647;
			files = (
				B365D9EC2AE21D3500775656 /* BattleBotsSpeedwayTests.swift in Sources */,
			);
			runOnlyForDeploymentPostprocessing = 0;
		};
		B365D9ED2AE21D3500775656 /* Sources */ = {
			isa = PBXSourcesBuildPhase;
			buildActionMask = 2147483647;
			files = (
				B365D9F82AE21D3500775656 /* BattleBotsSpeedwayUITestsLaunchTests.swift in Sources */,
				B365D9F62AE21D3500775656 /* BattleBotsSpeedwayUITests.swift in Sources */,
			);
			runOnlyForDeploymentPostprocessing = 0;
		};
/* End PBXSourcesBuildPhase section */

/* Begin PBXTargetDependency section */
		B365D9E92AE21D3500775656 /* PBXTargetDependency */ = {
			isa = PBXTargetDependency;
			target = B365D9D62AE21D3400775656 /* BattleBotsSpeedway */;
			targetProxy = B365D9E82AE21D3500775656 /* PBXContainerItemProxy */;
		};
		B365D9F32AE21D3500775656 /* PBXTargetDependency */ = {
			isa = PBXTargetDependency;
			target = B365D9D62AE21D3400775656 /* BattleBotsSpeedway */;
			targetProxy = B365D9F22AE21D3500775656 /* PBXContainerItemProxy */;
		};
/* End PBXTargetDependency section */

/* Begin XCBuildConfiguration section */
		B365D9F92AE21D3500775656 /* Debug */ = {
			isa = XCBuildConfiguration;
			buildSettings = {
				ALWAYS_SEARCH_USER_PATHS = NO;
				ASSETCATALOG_COMPILER_GENERATE_SWIFT_ASSET_SYMBOL_EXTENSIONS = YES;
				CLANG_ANALYZER_NONNULL = YES;
				CLANG_ANALYZER_NUMBER_OBJECT_CONVERSION = YES_AGGRESSIVE;
				CLANG_CXX_LANGUAGE_STANDARD = "gnu++20";
				CLANG_ENABLE_MODULES = YES;
				CLANG_ENABLE_OBJC_ARC = YES;
				CLANG_ENABLE_OBJC_WEAK = YES;
				CLANG_WARN_BLOCK_CAPTURE_AUTORELEASING = YES;
				CLANG_WARN_BOOL_CONVERSION = YES;
				CLANG_WARN_COMMA = YES;
				CLANG_WARN_CONSTANT_CONVERSION = YES;
				CLANG_WARN_DEPRECATED_OBJC_IMPLEMENTATIONS = YES;
				CLANG_WARN_DIRECT_OBJC_ISA_USAGE = YES_ERROR;
				CLANG_WARN_DOCUMENTATION_COMMENTS = YES;
				CLANG_WARN_EMPTY_BODY = YES;
				CLANG_WARN_ENUM_CONVERSION = YES;
				CLANG_WARN_INFINITE_RECURSION = YES;
				CLANG_WARN_INT_CONVERSION = YES;
				CLANG_WARN_NON_LITERAL_NULL_CONVERSION = YES;
				CLANG_WARN_OBJC_IMPLICIT_RETAIN_SELF = YES;
				CLANG_WARN_OBJC_LITERAL_CONVERSION = YES;
				CLANG_WARN_OBJC_ROOT_CLASS = YES_ERROR;
				CLANG_WARN_QUOTED_INCLUDE_IN_FRAMEWORK_HEADER = YES;
				CLANG_WARN_RANGE_LOOP_ANALYSIS = YES;
				CLANG_WARN_STRICT_PROTOTYPES = YES;
				CLANG_WARN_SUSPICIOUS_MOVE = YES;
				CLANG_WARN_UNGUARDED_AVAILABILITY = YES_AGGRESSIVE;
				CLANG_WARN_UNREACHABLE_CODE = YES;
				CLANG_WARN__DUPLICATE_METHOD_MATCH = YES;
				COPY_PHASE_STRIP = NO;
				DEBUG_INFORMATION_FORMAT = dwarf;
				ENABLE_STRICT_OBJC_MSGSEND = YES;
				ENABLE_TESTABILITY = YES;
				ENABLE_USER_SCRIPT_SANDBOXING = YES;
				GCC_C_LANGUAGE_STANDARD = gnu17;
				GCC_DYNAMIC_NO_PIC = NO;
				GCC_NO_COMMON_BLOCKS = YES;
				GCC_OPTIMIZATION_LEVEL = 0;
				GCC_PREPROCESSOR_DEFINITIONS = (
					"DEBUG=1",
					"$(inherited)",
				);
				GCC_WARN_64_TO_32_BIT_CONVERSION = YES;
				GCC_WARN_ABOUT_RETURN_TYPE = YES_ERROR;
				GCC_WARN_UNDECLARED_SELECTOR = YES;
				GCC_WARN_UNINITIALIZED_AUTOS = YES_AGGRESSIVE;
				GCC_WARN_UNUSED_FUNCTION = YES;
				GCC_WARN_UNUSED_VARIABLE = YES;
				IPHONEOS_DEPLOYMENT_TARGET = 17.0;
				LOCALIZATION_PREFERS_STRING_CATALOGS = YES;
				MTL_ENABLE_DEBUG_INFO = INCLUDE_SOURCE;
				MTL_FAST_MATH = YES;
				ONLY_ACTIVE_ARCH = YES;
				SDKROOT = iphoneos;
				SWIFT_ACTIVE_COMPILATION_CONDITIONS = "DEBUG $(inherited)";
				SWIFT_OPTIMIZATION_LEVEL = "-Onone";
			};
			name = Debug;
		};
		B365D9FA2AE21D3500775656 /* Release */ = {
			isa = XCBuildConfiguration;
			buildSettings = {
				ALWAYS_SEARCH_USER_PATHS = NO;
				ASSETCATALOG_COMPILER_GENERATE_SWIFT_ASSET_SYMBOL_EXTENSIONS = YES;
				CLANG_ANALYZER_NONNULL = YES;
				CLANG_ANALYZER_NUMBER_OBJECT_CONVERSION = YES_AGGRESSIVE;
				CLANG_CXX_LANGUAGE_STANDARD = "gnu++20";
				CLANG_ENABLE_MODULES = YES;
				CLANG_ENABLE_OBJC_ARC = YES;
				CLANG_ENABLE_OBJC_WEAK = YES;
				CLANG_WARN_BLOCK_CAPTURE_AUTORELEASING = YES;
				CLANG_WARN_BOOL_CONVERSION = YES;
				CLANG_WARN_COMMA = YES;
				CLANG_WARN_CONSTANT_CONVERSION = YES;
				CLANG_WARN_DEPRECATED_OBJC_IMPLEMENTATIONS = YES;
				CLANG_WARN_DIRECT_OBJC_ISA_USAGE = YES_ERROR;
				CLANG_WARN_DOCUMENTATION_COMMENTS = YES;
				CLANG_WARN_EMPTY_BODY = YES;
				CLANG_WARN_ENUM_CONVERSION = YES;
				CLANG_WARN_INFINITE_RECURSION = YES;
				CLANG_WARN_INT_CONVERSION = YES;
				CLANG_WARN_NON_LITERAL_NULL_CONVERSION = YES;
				CLANG_WARN_OBJC_IMPLICIT_RETAIN_SELF = YES;
				CLANG_WARN_OBJC_LITERAL_CONVERSION = YES;
				CLANG_WARN_OBJC_ROOT_CLASS = YES_ERROR;
				CLANG_WARN_QUOTED_INCLUDE_IN_FRAMEWORK_HEADER = YES;
				CLANG_WARN_RANGE_LOOP_ANALYSIS = YES;
				CLANG_WARN_STRICT_PROTOTYPES = YES;
				CLANG_WARN_SUSPICIOUS_MOVE = YES;
				CLANG_WARN_UNGUARDED_AVAILABILITY = YES_AGGRESSIVE;
				CLANG_WARN_UNREACHABLE_CODE = YES;
				CLANG_WARN__DUPLICATE_METHOD_MATCH = YES;
				COPY_PHASE_STRIP = NO;
				DEBUG_INFORMATION_FORMAT = "dwarf-with-dsym";
				ENABLE_NS_ASSERTIONS = NO;
				ENABLE_STRICT_OBJC_MSGSEND = YES;
				ENABLE_USER_SCRIPT_SANDBOXING = YES;
				GCC_C_LANGUAGE_STANDARD = gnu17;
				GCC_NO_COMMON_BLOCKS = YES;
				GCC_WARN_64_TO_32_BIT_CONVERSION = YES;
				GCC_WARN_ABOUT_RETURN_TYPE = YES_ERROR;
				GCC_WARN_UNDECLARED_SELECTOR = YES;
				GCC_WARN_UNINITIALIZED_AUTOS = YES_AGGRESSIVE;
				GCC_WARN_UNUSED_FUNCTION = YES;
				GCC_WARN_UNUSED_VARIABLE = YES;
				IPHONEOS_DEPLOYMENT_TARGET = 17.0;
				LOCALIZATION_PREFERS_STRING_CATALOGS = YES;
				MTL_ENABLE_DEBUG_INFO = NO;
				MTL_FAST_MATH = YES;
				SDKROOT = iphoneos;
				SWIFT_COMPILATION_MODE = wholemodule;
				VALIDATE_PRODUCT = YES;
			};
			name = Release;
		};
		B365D9FC2AE21D3500775656 /* Debug */ = {
			isa = XCBuildConfiguration;
			buildSettings = {
				ASSETCATALOG_COMPILER_APPICON_NAME = AppIcon;
				ASSETCATALOG_COMPILER_GLOBAL_ACCENT_COLOR_NAME = AccentColor;
				CODE_SIGN_STYLE = Automatic;
				CURRENT_PROJECT_VERSION = 1;
				DEVELOPMENT_ASSET_PATHS = "\"BattleBotsSpeedway/Preview Content\"";
				DEVELOPMENT_TEAM = NQ3XAZJ3SG;
				ENABLE_PREVIEWS = YES;
				GENERATE_INFOPLIST_FILE = YES;
				INFOPLIST_KEY_LSApplicationCategoryType = "public.app-category.racing-games";
				INFOPLIST_KEY_NSBluetoothAlwaysUsageDescription = "GIVE BLUETOOTH NOOWWWWW";
				INFOPLIST_KEY_UIApplicationSceneManifest_Generation = YES;
				INFOPLIST_KEY_UIApplicationSupportsIndirectInputEvents = YES;
				INFOPLIST_KEY_UILaunchScreen_Generation = YES;
				INFOPLIST_KEY_UILaunchStoryboardName = "Launch Screen.storyboard";
				INFOPLIST_KEY_UISupportedInterfaceOrientations = UIInterfaceOrientationPortrait;
				IPHONEOS_DEPLOYMENT_TARGET = 16.0;
				LD_RUNPATH_SEARCH_PATHS = (
					"$(inherited)",
					"@executable_path/Frameworks",
				);
				MARKETING_VERSION = 1.0;
				PRODUCT_BUNDLE_IDENTIFIER = com.Leo.BattleBotsSpeedway;
				PRODUCT_NAME = "$(TARGET_NAME)";
				SWIFT_EMIT_LOC_STRINGS = YES;
				SWIFT_VERSION = 5.0;
				TARGETED_DEVICE_FAMILY = "1,2";
			};
			name = Debug;
		};
		B365D9FD2AE21D3500775656 /* Release */ = {
			isa = XCBuildConfiguration;
			buildSettings = {
				ASSETCATALOG_COMPILER_APPICON_NAME = AppIcon;
				ASSETCATALOG_COMPILER_GLOBAL_ACCENT_COLOR_NAME = AccentColor;
				CODE_SIGN_STYLE = Automatic;
				CURRENT_PROJECT_VERSION = 1;
				DEVELOPMENT_ASSET_PATHS = "\"BattleBotsSpeedway/Preview Content\"";
				DEVELOPMENT_TEAM = NQ3XAZJ3SG;
				ENABLE_PREVIEWS = YES;
				GENERATE_INFOPLIST_FILE = YES;
				INFOPLIST_KEY_LSApplicationCategoryType = "public.app-category.racing-games";
				INFOPLIST_KEY_NSBluetoothAlwaysUsageDescription = "GIVE BLUETOOTH NOOWWWWW";
				INFOPLIST_KEY_UIApplicationSceneManifest_Generation = YES;
				INFOPLIST_KEY_UIApplicationSupportsIndirectInputEvents = YES;
				INFOPLIST_KEY_UILaunchScreen_Generation = YES;
				INFOPLIST_KEY_UILaunchStoryboardName = "Launch Screen.storyboard";
				INFOPLIST_KEY_UISupportedInterfaceOrientations = UIInterfaceOrientationPortrait;
				IPHONEOS_DEPLOYMENT_TARGET = 16.0;
				LD_RUNPATH_SEARCH_PATHS = (
					"$(inherited)",
					"@executable_path/Frameworks",
				);
				MARKETING_VERSION = 1.0;
				PRODUCT_BUNDLE_IDENTIFIER = com.Leo.BattleBotsSpeedway;
				PRODUCT_NAME = "$(TARGET_NAME)";
				SWIFT_EMIT_LOC_STRINGS = YES;
				SWIFT_VERSION = 5.0;
				TARGETED_DEVICE_FAMILY = "1,2";
			};
			name = Release;
		};
		B365D9FF2AE21D3500775656 /* Debug */ = {
			isa = XCBuildConfiguration;
			buildSettings = {
				ALWAYS_EMBED_SWIFT_STANDARD_LIBRARIES = YES;
				BUNDLE_LOADER = "$(TEST_HOST)";
				CODE_SIGN_STYLE = Automatic;
				CURRENT_PROJECT_VERSION = 1;
				GENERATE_INFOPLIST_FILE = YES;
				IPHONEOS_DEPLOYMENT_TARGET = 17.0;
				MARKETING_VERSION = 1.0;
				PRODUCT_BUNDLE_IDENTIFIER = com.Leo.BattleBotsSpeedwayTests;
				PRODUCT_NAME = "$(TARGET_NAME)";
				SWIFT_EMIT_LOC_STRINGS = NO;
				SWIFT_VERSION = 5.0;
				TARGETED_DEVICE_FAMILY = "1,2";
				TEST_HOST = "$(BUILT_PRODUCTS_DIR)/BattleBotsSpeedway.app/$(BUNDLE_EXECUTABLE_FOLDER_PATH)/BattleBotsSpeedway";
			};
			name = Debug;
		};
		B365DA002AE21D3500775656 /* Release */ = {
			isa = XCBuildConfiguration;
			buildSettings = {
				ALWAYS_EMBED_SWIFT_STANDARD_LIBRARIES = YES;
				BUNDLE_LOADER = "$(TEST_HOST)";
				CODE_SIGN_STYLE = Automatic;
				CURRENT_PROJECT_VERSION = 1;
				GENERATE_INFOPLIST_FILE = YES;
				IPHONEOS_DEPLOYMENT_TARGET = 17.0;
				MARKETING_VERSION = 1.0;
				PRODUCT_BUNDLE_IDENTIFIER = com.Leo.BattleBotsSpeedwayTests;
				PRODUCT_NAME = "$(TARGET_NAME)";
				SWIFT_EMIT_LOC_STRINGS = NO;
				SWIFT_VERSION = 5.0;
				TARGETED_DEVICE_FAMILY = "1,2";
				TEST_HOST = "$(BUILT_PRODUCTS_DIR)/BattleBotsSpeedway.app/$(BUNDLE_EXECUTABLE_FOLDER_PATH)/BattleBotsSpeedway";
			};
			name = Release;
		};
		B365DA022AE21D3500775656 /* Debug */ = {
			isa = XCBuildConfiguration;
			buildSettings = {
				ALWAYS_EMBED_SWIFT_STANDARD_LIBRARIES = YES;
				CODE_SIGN_STYLE = Automatic;
				CURRENT_PROJECT_VERSION = 1;
				GENERATE_INFOPLIST_FILE = YES;
				MARKETING_VERSION = 1.0;
				PRODUCT_BUNDLE_IDENTIFIER = com.Leo.BattleBotsSpeedwayUITests;
				PRODUCT_NAME = "$(TARGET_NAME)";
				SWIFT_EMIT_LOC_STRINGS = NO;
				SWIFT_VERSION = 5.0;
				TARGETED_DEVICE_FAMILY = "1,2";
				TEST_TARGET_NAME = BattleBotsSpeedway;
			};
			name = Debug;
		};
		B365DA032AE21D3500775656 /* Release */ = {
			isa = XCBuildConfiguration;
			buildSettings = {
				ALWAYS_EMBED_SWIFT_STANDARD_LIBRARIES = YES;
				CODE_SIGN_STYLE = Automatic;
				CURRENT_PROJECT_VERSION = 1;
				GENERATE_INFOPLIST_FILE = YES;
				MARKETING_VERSION = 1.0;
				PRODUCT_BUNDLE_IDENTIFIER = com.Leo.BattleBotsSpeedwayUITests;
				PRODUCT_NAME = "$(TARGET_NAME)";
				SWIFT_EMIT_LOC_STRINGS = NO;
				SWIFT_VERSION = 5.0;
				TARGETED_DEVICE_FAMILY = "1,2";
				TEST_TARGET_NAME = BattleBotsSpeedway;
			};
			name = Release;
		};
/* End XCBuildConfiguration section */

/* Begin XCConfigurationList section */
		B365D9D22AE21D3400775656 /* Build configuration list for PBXProject "BattleBotsSpeedway" */ = {
			isa = XCConfigurationList;
			buildConfigurations = (
				B365D9F92AE21D3500775656 /* Debug */,
				B365D9FA2AE21D3500775656 /* Release */,
			);
			defaultConfigurationIsVisible = 0;
			defaultConfigurationName = Release;
		};
		B365D9FB2AE21D3500775656 /* Build configuration list for PBXNativeTarget "BattleBotsSpeedway" */ = {
			isa = XCConfigurationList;
			buildConfigurations = (
				B365D9FC2AE21D3500775656 /* Debug */,
				B365D9FD2AE21D3500775656 /* Release */,
			);
			defaultConfigurationIsVisible = 0;
			defaultConfigurationName = Release;
		};
		B365D9FE2AE21D3500775656 /* Build configuration list for PBXNativeTarget "BattleBotsSpeedwayTests" */ = {
			isa = XCConfigurationList;
			buildConfigurations = (
				B365D9FF2AE21D3500775656 /* Debug */,
				B365DA002AE21D3500775656 /* Release */,
			);
			defaultConfigurationIsVisible = 0;
			defaultConfigurationName = Release;
		};
		B365DA012AE21D3500775656 /* Build configuration list for PBXNativeTarget "BattleBotsSpeedwayUITests" */ = {
			isa = XCConfigurationList;
			buildConfigurations = (
				B365DA022AE21D3500775656 /* Debug */,
				B365DA032AE21D3500775656 /* Release */,
			);
			defaultConfigurationIsVisible = 0;
			defaultConfigurationName = Release;
		};
/* End XCConfigurationList section */
	};
	rootObject = B365D9CF2AE21D3400775656 /* Project object */;
}
